// !$*UTF8*$!
{
	archiveVersion = 1;
	classes = {
	};
	objectVersion = 46;
	objects = {

/* Begin PBXBuildFile section */
		AC3678111F4B06A700289FDB /* AppDelegate.swift in Sources */ = {isa = PBXBuildFile; fileRef = AC3678101F4B06A700289FDB /* AppDelegate.swift */; };
		AC3678131F4B06A700289FDB /* ViewController.swift in Sources */ = {isa = PBXBuildFile; fileRef = AC3678121F4B06A700289FDB /* ViewController.swift */; };
		AC3678161F4B06A700289FDB /* Main.storyboard in Resources */ = {isa = PBXBuildFile; fileRef = AC3678141F4B06A700289FDB /* Main.storyboard */; };
		AC3678181F4B06A700289FDB /* Assets.xcassets in Resources */ = {isa = PBXBuildFile; fileRef = AC3678171F4B06A700289FDB /* Assets.xcassets */; };
		AC36781B1F4B06A700289FDB /* LaunchScreen.storyboard in Resources */ = {isa = PBXBuildFile; fileRef = AC3678191F4B06A700289FDB /* LaunchScreen.storyboard */; };
/* End PBXBuildFile section */

/* Begin PBXFileReference section */
		AC36780D1F4B06A700289FDB /* Exemplo1_Rest_iOS_Swift.app */ = {isa = PBXFileReference; explicitFileType = wrapper.application; includeInIndex = 0; path = Exemplo1_Rest_iOS_Swift.app; sourceTree = BUILT_PRODUCTS_DIR; };
		AC3678101F4B06A700289FDB /* AppDelegate.swift */ = {isa = PBXFileReference; lastKnownFileType = sourcecode.swift; path = AppDelegate.swift; sourceTree = "<group>"; };
		AC3678121F4B06A700289FDB /* ViewController.swift */ = {isa = PBXFileReference; lastKnownFileType = sourcecode.swift; path = ViewController.swift; sourceTree = "<group>"; };
		AC3678151F4B06A700289FDB /* Base */ = {isa = PBXFileReference; lastKnownFileType = file.storyboard; name = Base; path = Base.lproj/Main.storyboard; sourceTree = "<group>"; };
		AC3678171F4B06A700289FDB /* Assets.xcassets */ = {isa = PBXFileReference; lastKnownFileType = folder.assetcatalog; path = Assets.xcassets; sourceTree = "<group>"; };
		AC36781A1F4B06A700289FDB /* Base */ = {isa = PBXFileReference; lastKnownFileType = file.storyboard; name = Base; path = Base.lproj/LaunchScreen.storyboard; sourceTree = "<group>"; };
		AC36781C1F4B06A700289FDB /* Info.plist */ = {isa = PBXFileReference; lastKnownFileType = text.plist.xml; path = Info.plist; sourceTree = "<group>"; };
/* End PBXFileReference section */

/* Begin PBXFrameworksBuildPhase section */
		AC36780A1F4B06A600289FDB /* Frameworks */ = {
			isa = PBXFrameworksBuildPhase;
			buildActionMask = 2147483647;
			files = (
			);
			runOnlyForDeploymentPostprocessing = 0;
		};
/* End PBXFrameworksBuildPhase section */

/* Begin PBXGroup section */
		AC3678041F4B06A600289FDB = {
			isa = PBXGroup;
			children = (
				AC36780F1F4B06A700289FDB /* Exemplo1_Rest_iOS_Swift */,
				AC36780E1F4B06A700289FDB /* Products */,
			);
			sourceTree = "<group>";
		};
		AC36780E1F4B06A700289FDB /* Products */ = {
			isa = PBXGroup;
			children = (
				AC36780D1F4B06A700289FDB /* Exemplo1_Rest_iOS_Swift.app */,
			);
			name = Products;
			sourceTree = "<group>";
		};
		AC36780F1F4B06A700289FDB /* Exemplo1_Rest_iOS_Swift */ = {
			isa = PBXGroup;
			children = (
				AC3678101F4B06A700289FDB /* AppDelegate.swift */,
				AC3678121F4B06A700289FDB /* ViewController.swift */,
				AC3678141F4B06A700289FDB /* Main.storyboard */,
				AC3678171F4B06A700289FDB /* Assets.xcassets */,
				AC3678191F4B06A700289FDB /* LaunchScreen.storyboard */,
				AC36781C1F4B06A700289FDB /* Info.plist */,
			);
			path = Exemplo1_Rest_iOS_Swift;
			sourceTree = "<group>";
		};
/* End PBXGroup section */

/* Begin PBXNativeTarget section */
		AC36780C1F4B06A600289FDB /* Exemplo1_Rest_iOS_Swift */ = {
			isa = PBXNativeTarget;
			buildConfigurationList = AC36781F1F4B06A700289FDB /* Build configuration list for PBXNativeTarget "Exemplo1_Rest_iOS_Swift" */;
			buildPhases = (
				AC3678091F4B06A600289FDB /* Sources */,
				AC36780A1F4B06A600289FDB /* Frameworks */,
				AC36780B1F4B06A600289FDB /* Resources */,
			);
			buildRules = (
			);
			dependencies = (
			);
			name = Exemplo1_Rest_iOS_Swift;
			productName = Exemplo1_Rest_iOS_Swift;
			productReference = AC36780D1F4B06A700289FDB /* Exemplo1_Rest_iOS_Swift.app */;
			productType = "com.apple.product-type.application";
		};
/* End PBXNativeTarget section */

/* Begin PBXProject section */
		AC3678051F4B06A600289FDB /* Project object */ = {
			isa = PBXProject;
			attributes = {
				LastSwiftUpdateCheck = 0810;
				LastUpgradeCheck = 0810;
				ORGANIZATIONNAME = fernando;
				TargetAttributes = {
					AC36780C1F4B06A600289FDB = {
						CreatedOnToolsVersion = 8.1;
						ProvisioningStyle = Automatic;
					};
				};
			};
			buildConfigurationList = AC3678081F4B06A600289FDB /* Build configuration list for PBXProject "Exemplo1_Rest_iOS_Swift" */;
			compatibilityVersion = "Xcode 3.2";
			developmentRegion = English;
			hasScannedForEncodings = 0;
			knownRegions = (
				en,
				Base,
			);
			mainGroup = AC3678041F4B06A600289FDB;
			productRefGroup = AC36780E1F4B06A700289FDB /* Products */;
			projectDirPath = "";
			projectRoot = "";
			targets = (
				AC36780C1F4B06A600289FDB /* Exemplo1_Rest_iOS_Swift */,
			);
		};
/* End PBXProject section */

/* Begin PBXResourcesBuildPhase section */
		AC36780B1F4B06A600289FDB /* Resources */ = {
			isa = PBXResourcesBuildPhase;
			buildActionMask = 2147483647;
			files = (
				AC36781B1F4B06A700289FDB /* LaunchScreen.storyboard in Resources */,
				AC3678181F4B06A700289FDB /* Assets.xcassets in Resources */,
				AC3678161F4B06A700289FDB /* Main.storyboard in Resources */,
			);
			runOnlyForDeploymentPostprocessing = 0;
		};
/* End PBXResourcesBuildPhase section */

/* Begin PBXSourcesBuildPhase section */
		AC3678091F4B06A600289FDB /* Sources */ = {
			isa = PBXSourcesBuildPhase;
			buildActionMask = 2147483647;
			files = (
				AC3678131F4B06A700289FDB /* ViewController.swift in Sources */,
				AC3678111F4B06A700289FDB /* AppDelegate.swift in Sources */,
			);
			runOnlyForDeploymentPostprocessing = 0;
		};
/* End PBXSourcesBuildPhase section */

/* Begin PBXVariantGroup section */
		AC3678141F4B06A700289FDB /* Main.storyboard */ = {
			isa = PBXVariantGroup;
			children = (
				AC3678151F4B06A700289FDB /* Base */,
			);
			name = Main.storyboard;
			sourceTree = "<group>";
		};
		AC3678191F4B06A700289FDB /* LaunchScreen.storyboard */ = {
			isa = PBXVariantGroup;
			children = (
				AC36781A1F4B06A700289FDB /* Base */,
			);
			name = LaunchScreen.storyboard;
			sourceTree = "<group>";
		};
/* End PBXVariantGroup section */

/* Begin XCBuildConfiguration section */
		AC36781D1F4B06A700289FDB /* Debug */ = {
			isa = XCBuildConfiguration;
			buildSettings = {
				ALWAYS_SEARCH_USER_PATHS = NO;
				CLANG_ANALYZER_NONNULL = YES;
				CLANG_CXX_LANGUAGE_STANDARD = "gnu++0x";
				CLANG_CXX_LIBRARY = "libc++";
				CLANG_ENABLE_MODULES = YES;
				CLANG_ENABLE_OBJC_ARC = YES;
				CLANG_WARN_BOOL_CONVERSION = YES;
				CLANG_WARN_CONSTANT_CONVERSION = YES;
				CLANG_WARN_DIRECT_OBJC_ISA_USAGE = YES_ERROR;
				CLANG_WARN_DOCUMENTATION_COMMENTS = YES;
				CLANG_WARN_EMPTY_BODY = YES;
				CLANG_WARN_ENUM_CONVERSION = YES;
				CLANG_WARN_INFINITE_RECURSION = YES;
				CLANG_WARN_INT_CONVERSION = YES;
				CLANG_WARN_OBJC_ROOT_CLASS = YES_ERROR;
				CLANG_WARN_SUSPICIOUS_MOVES = YES;
				CLANG_WARN_UNREACHABLE_CODE = YES;
				CLANG_WARN__DUPLICATE_METHOD_MATCH = YES;
				"CODE_SIGN_IDENTITY[sdk=iphoneos*]" = "iPhone Developer";
				COPY_PHASE_STRIP = NO;
				DEBUG_INFORMATION_FORMAT = dwarf;
				ENABLE_STRICT_OBJC_MSGSEND = YES;
				ENABLE_TESTABILITY = YES;
				GCC_C_LANGUAGE_STANDARD = gnu99;
				GCC_DYNAMIC_NO_PIC = NO;
				GCC_NO_COMMON_BLOCKS = YES;
				GCC_OPTIMIZATION_LEVEL = 0;
				GCC_PREPROCESSOR_DEFINITIONS = (
					"DEBUG=1",
					"$(inherited)",
				);
				GCC_WARN_64_TO_32_BIT_CONVERSION = YES;
				GCC_WARN_ABOUT_RETURN_TYPE = YES_ERROR;
				GCC_WARN_UNDECLARED_SELECTOR = YES;
				GCC_WARN_UNINITIALIZED_AUTOS = YES_AGGRESSIVE;
				GCC_WARN_UNUSED_FUNCTION = YES;
				GCC_WARN_UNUSED_VARIABLE = YES;
				IPHONEOS_DEPLOYMENT_TARGET = 10.1;
				MTL_ENABLE_DEBUG_INFO = YES;
				ONLY_ACTIVE_ARCH = YES;
				SDKROOT = iphoneos;
				SWIFT_ACTIVE_COMPILATION_CONDITIONS = DEBUG;
				SWIFT_OPTIMIZATION_LEVEL = "-Onone";
				TARGETED_DEVICE_FAMILY = "1,2";
			};
			name = Debug;
		};
		AC36781E1F4B06A700289FDB /* Release */ = {
			isa = XCBuildConfiguration;
			buildSettings = {
				ALWAYS_SEARCH_USER_PATHS = NO;
				CLANG_ANALYZER_NONNULL = YES;
				CLANG_CXX_LANGUAGE_STANDARD = "gnu++0x";
				CLANG_CXX_LIBRARY = "libc++";
				CLANG_ENABLE_MODULES = YES;
				CLANG_ENABLE_OBJC_ARC = YES;
				CLANG_WARN_BOOL_CONVERSION = YES;
				CLANG_WARN_CONSTANT_CONVERSION = YES;
				CLANG_WARN_DIRECT_OBJC_ISA_USAGE = YES_ERROR;
				CLANG_WARN_DOCUMENTATION_COMMENTS = YES;
				CLANG_WARN_EMPTY_BODY = YES;
				CLANG_WARN_ENUM_CONVERSION = YES;
				CLANG_WARN_INFINITE_RECURSION = YES;
				CLANG_WARN_INT_CONVERSION = YES;
				CLANG_WARN_OBJC_ROOT_CLASS = YES_ERROR;
				CLANG_WARN_SUSPICIOUS_MOVES = YES;
				CLANG_WARN_UNREACHABLE_CODE = YES;
				CLANG_WARN__DUPLICATE_METHOD_MATCH = YES;
				"CODE_SIGN_IDENTITY[sdk=iphoneos*]" = "iPhone Developer";
				COPY_PHASE_STRIP = NO;
				DEBUG_INFORMATION_FORMAT = "dwarf-with-dsym";
				ENABLE_NS_ASSERTIONS = NO;
				ENABLE_STRICT_OBJC_MSGSEND = YES;
				GCC_C_LANGUAGE_STANDARD = gnu99;
				GCC_NO_COMMON_BLOCKS = YES;
				GCC_WARN_64_TO_32_BIT_CONVERSION = YES;
				GCC_WARN_ABOUT_RETURN_TYPE = YES_ERROR;
				GCC_WARN_UNDECLARED_SELECTOR = YES;
				GCC_WARN_UNINITIALIZED_AUTOS = YES_AGGRESSIVE;
				GCC_WARN_UNUSED_FUNCTION = YES;
				GCC_WARN_UNUSED_VARIABLE = YES;
				IPHONEOS_DEPLOYMENT_TARGET = 10.1;
				MTL_ENABLE_DEBUG_INFO = NO;
				SDKROOT = iphoneos;
				SWIFT_OPTIMIZATION_LEVEL = "-Owholemodule";
				TARGETED_DEVICE_FAMILY = "1,2";
				VALIDATE_PRODUCT = YES;
			};
			name = Release;
		};
		AC3678201F4B06A700289FDB /* Debug */ = {
			isa = XCBuildConfiguration;
			buildSettings = {
				ASSETCATALOG_COMPILER_APPICON_NAME = AppIcon;
				INFOPLIST_FILE = Exemplo1_Rest_iOS_Swift/Info.plist;
				LD_RUNPATH_SEARCH_PATHS = "$(inherited) @executable_path/Frameworks";
				PRODUCT_BUNDLE_IDENTIFIER = "br.com.fiap.Exemplo1-Rest-iOS-Swift";
				PRODUCT_NAME = "$(TARGET_NAME)";
				SWIFT_VERSION = 3.0;
			};
			name = Debug;
		};
		AC3678211F4B06A700289FDB /* Release */ = {
			isa = XCBuildConfiguration;
			buildSettings = {
				ASSETCATALOG_COMPILER_APPICON_NAME = AppIcon;
				INFOPLIST_FILE = Exemplo1_Rest_iOS_Swift/Info.plist;
				LD_RUNPATH_SEARCH_PATHS = "$(inherited) @executable_path/Frameworks";
				PRODUCT_BUNDLE_IDENTIFIER = "br.com.fiap.Exemplo1-Rest-iOS-Swift";
				PRODUCT_NAME = "$(TARGET_NAME)";
				SWIFT_VERSION = 3.0;
			};
			name = Release;
		};
/* End XCBuildConfiguration section */

/* Begin XCConfigurationList section */
		AC3678081F4B06A600289FDB /* Build configuration list for PBXProject "Exemplo1_Rest_iOS_Swift" */ = {
			isa = XCConfigurationList;
			buildConfigurations = (
				AC36781D1F4B06A700289FDB /* Debug */,
				AC36781E1F4B06A700289FDB /* Release */,
			);
			defaultConfigurationIsVisible = 0;
			defaultConfigurationName = Release;
		};
		AC36781F1F4B06A700289FDB /* Build configuration list for PBXNativeTarget "Exemplo1_Rest_iOS_Swift" */ = {
			isa = XCConfigurationList;
			buildConfigurations = (
				AC3678201F4B06A700289FDB /* Debug */,
				AC3678211F4B06A700289FDB /* Release */,
			);
			defaultConfigurationIsVisible = 0;
		};
/* End XCConfigurationList section */
	};
	rootObject = AC3678051F4B06A600289FDB /* Project object */;
}
